// !$*UTF8*$!
{
	archiveVersion = 1;
	classes = {
	};
	objectVersion = 46;
	objects = {

/* Begin PBXBuildFile section */
		C726F1F21D0AB33200C80E47 /* main.m in Sources */ = {isa = PBXBuildFile; fileRef = C726F1F11D0AB33200C80E47 /* main.m */; };
		C726F1F51D0AB33200C80E47 /* AppDelegate.m in Sources */ = {isa = PBXBuildFile; fileRef = C726F1F41D0AB33200C80E47 /* AppDelegate.m */; };
		C726F1FD1D0AB33200C80E47 /* Assets.xcassets in Resources */ = {isa = PBXBuildFile; fileRef = C726F1FC1D0AB33200C80E47 /* Assets.xcassets */; };
		C726F20F1D0AC37800C80E47 /* TypeViewController.m in Sources */ = {isa = PBXBuildFile; fileRef = C726F20D1D0AC37800C80E47 /* TypeViewController.m */; };
		C726F2101D0AC37800C80E47 /* TypeViewController.xib in Resources */ = {isa = PBXBuildFile; fileRef = C726F20E1D0AC37800C80E47 /* TypeViewController.xib */; };
		C726F2141D0AC3A300C80E47 /* ContentViewController.m in Sources */ = {isa = PBXBuildFile; fileRef = C726F2121D0AC3A300C80E47 /* ContentViewController.m */; };
		C726F2151D0AC3A300C80E47 /* ContentViewController.xib in Resources */ = {isa = PBXBuildFile; fileRef = C726F2131D0AC3A300C80E47 /* ContentViewController.xib */; };
		C726F2191D0AC3C600C80E47 /* RecipeViewController.m in Sources */ = {isa = PBXBuildFile; fileRef = C726F2171D0AC3C600C80E47 /* RecipeViewController.m */; };
		C726F21A1D0AC3C600C80E47 /* RecipeViewController.xib in Resources */ = {isa = PBXBuildFile; fileRef = C726F2181D0AC3C600C80E47 /* RecipeViewController.xib */; };
		C77783811D0AD3D5009F3D85 /* Menu.json in Resources */ = {isa = PBXBuildFile; fileRef = C77783801D0AD3D5009F3D85 /* Menu.json */; };
		C77783881D0ADFD3009F3D85 /* img_type_1.jpg in Resources */ = {isa = PBXBuildFile; fileRef = C77783831D0ADFD3009F3D85 /* img_type_1.jpg */; };
		C77783891D0ADFD3009F3D85 /* img_type_2.jpg in Resources */ = {isa = PBXBuildFile; fileRef = C77783841D0ADFD3009F3D85 /* img_type_2.jpg */; };
		C777838A1D0ADFD3009F3D85 /* img_type_3.jpg in Resources */ = {isa = PBXBuildFile; fileRef = C77783851D0ADFD3009F3D85 /* img_type_3.jpg */; };
		C777838B1D0ADFD3009F3D85 /* img_type_4.jpg in Resources */ = {isa = PBXBuildFile; fileRef = C77783861D0ADFD3009F3D85 /* img_type_4.jpg */; };
		C777838C1D0ADFD3009F3D85 /* img_type_5.jpg in Resources */ = {isa = PBXBuildFile; fileRef = C77783871D0ADFD3009F3D85 /* img_type_5.jpg */; };
		C77783AC1D0AEF92009F3D85 /* AsyncButton.swift in Sources */ = {isa = PBXBuildFile; fileRef = C777838E1D0AEF92009F3D85 /* AsyncButton.swift */; };
		C77783AD1D0AEF92009F3D85 /* AsyncImageView.swift in Sources */ = {isa = PBXBuildFile; fileRef = C777838F1D0AEF92009F3D85 /* AsyncImageView.swift */; };
		C77783AE1D0AEF92009F3D85 /* AutoTextView.swift in Sources */ = {isa = PBXBuildFile; fileRef = C77783901D0AEF92009F3D85 /* AutoTextView.swift */; };
		C77783AF1D0AEF92009F3D85 /* BlurView.swift in Sources */ = {isa = PBXBuildFile; fileRef = C77783911D0AEF92009F3D85 /* BlurView.swift */; };
		C77783B01D0AEF92009F3D85 /* DesignableButton.swift in Sources */ = {isa = PBXBuildFile; fileRef = C77783921D0AEF92009F3D85 /* DesignableButton.swift */; };
		C77783B11D0AEF92009F3D85 /* DesignableImageView.swift in Sources */ = {isa = PBXBuildFile; fileRef = C77783931D0AEF92009F3D85 /* DesignableImageView.swift */; };
		C77783B21D0AEF92009F3D85 /* DesignableLabel.swift in Sources */ = {isa = PBXBuildFile; fileRef = C77783941D0AEF92009F3D85 /* DesignableLabel.swift */; };
		C77783B31D0AEF92009F3D85 /* DesignableTabBarController.swift in Sources */ = {isa = PBXBuildFile; fileRef = C77783951D0AEF92009F3D85 /* DesignableTabBarController.swift */; };
		C77783B41D0AEF92009F3D85 /* DesignableTextField.swift in Sources */ = {isa = PBXBuildFile; fileRef = C77783961D0AEF92009F3D85 /* DesignableTextField.swift */; };
		C77783B51D0AEF92009F3D85 /* DesignableTextView.swift in Sources */ = {isa = PBXBuildFile; fileRef = C77783971D0AEF92009F3D85 /* DesignableTextView.swift */; };
		C77783B61D0AEF92009F3D85 /* DesignableView.swift in Sources */ = {isa = PBXBuildFile; fileRef = C77783981D0AEF92009F3D85 /* DesignableView.swift */; };
		C77783B71D0AEF92009F3D85 /* ImageLoader.swift in Sources */ = {isa = PBXBuildFile; fileRef = C77783991D0AEF92009F3D85 /* ImageLoader.swift */; };
		C77783B81D0AEF92009F3D85 /* Info.plist in Resources */ = {isa = PBXBuildFile; fileRef = C777839A1D0AEF92009F3D85 /* Info.plist */; };
		C77783B91D0AEF92009F3D85 /* KeyboardLayoutConstraint.swift in Sources */ = {isa = PBXBuildFile; fileRef = C777839B1D0AEF92009F3D85 /* KeyboardLayoutConstraint.swift */; };
		C77783BA1D0AEF92009F3D85 /* LoadingView.swift in Sources */ = {isa = PBXBuildFile; fileRef = C777839C1D0AEF92009F3D85 /* LoadingView.swift */; };
		C77783BB1D0AEF92009F3D85 /* LoadingView.xib in Resources */ = {isa = PBXBuildFile; fileRef = C777839D1D0AEF92009F3D85 /* LoadingView.xib */; };
		C77783BC1D0AEF92009F3D85 /* Misc.swift in Sources */ = {isa = PBXBuildFile; fileRef = C777839E1D0AEF92009F3D85 /* Misc.swift */; };
		C77783BD1D0AEF92009F3D85 /* SoundPlayer.swift in Sources */ = {isa = PBXBuildFile; fileRef = C777839F1D0AEF92009F3D85 /* SoundPlayer.swift */; };
		C77783BE1D0AEF92009F3D85 /* Spring.swift in Sources */ = {isa = PBXBuildFile; fileRef = C77783A11D0AEF92009F3D85 /* Spring.swift */; };
		C77783BF1D0AEF92009F3D85 /* SpringAnimation.swift in Sources */ = {isa = PBXBuildFile; fileRef = C77783A21D0AEF92009F3D85 /* SpringAnimation.swift */; };
		C77783C01D0AEF92009F3D85 /* SpringButton.swift in Sources */ = {isa = PBXBuildFile; fileRef = C77783A31D0AEF92009F3D85 /* SpringButton.swift */; };
		C77783C11D0AEF92009F3D85 /* SpringImageView.swift in Sources */ = {isa = PBXBuildFile; fileRef = C77783A41D0AEF92009F3D85 /* SpringImageView.swift */; };
		C77783C21D0AEF92009F3D85 /* SpringLabel.swift in Sources */ = {isa = PBXBuildFile; fileRef = C77783A51D0AEF92009F3D85 /* SpringLabel.swift */; };
		C77783C31D0AEF92009F3D85 /* SpringTextField.swift in Sources */ = {isa = PBXBuildFile; fileRef = C77783A61D0AEF92009F3D85 /* SpringTextField.swift */; };
		C77783C41D0AEF92009F3D85 /* SpringTextView.swift in Sources */ = {isa = PBXBuildFile; fileRef = C77783A71D0AEF92009F3D85 /* SpringTextView.swift */; };
		C77783C51D0AEF92009F3D85 /* SpringView.swift in Sources */ = {isa = PBXBuildFile; fileRef = C77783A81D0AEF92009F3D85 /* SpringView.swift */; };
		C77783C61D0AEF92009F3D85 /* TransitionManager.swift in Sources */ = {isa = PBXBuildFile; fileRef = C77783A91D0AEF92009F3D85 /* TransitionManager.swift */; };
		C77783C71D0AEF92009F3D85 /* TransitionZoom.swift in Sources */ = {isa = PBXBuildFile; fileRef = C77783AA1D0AEF92009F3D85 /* TransitionZoom.swift */; };
		C77783C81D0AEF92009F3D85 /* UnwindSegue.swift in Sources */ = {isa = PBXBuildFile; fileRef = C77783AB1D0AEF92009F3D85 /* UnwindSegue.swift */; };
		C77783CB1D0AF8F6009F3D85 /* CustomTimer.m in Sources */ = {isa = PBXBuildFile; fileRef = C77783CA1D0AF8F6009F3D85 /* CustomTimer.m */; };
		C77783CD1D0B0790009F3D85 /* img_natalia.png in Resources */ = {isa = PBXBuildFile; fileRef = C77783CC1D0B0790009F3D85 /* img_natalia.png */; };
		C77783D11D0B145D009F3D85 /* RecipeTableViewCell.m in Sources */ = {isa = PBXBuildFile; fileRef = C77783CF1D0B145D009F3D85 /* RecipeTableViewCell.m */; };
		C77783D21D0B145D009F3D85 /* RecipeTableViewCell.xib in Resources */ = {isa = PBXBuildFile; fileRef = C77783D01D0B145D009F3D85 /* RecipeTableViewCell.xib */; };
/* End PBXBuildFile section */

/* Begin PBXFileReference section */
		C726F1ED1D0AB33200C80E47 /* Cookbook.app */ = {isa = PBXFileReference; explicitFileType = wrapper.application; includeInIndex = 0; path = Cookbook.app; sourceTree = BUILT_PRODUCTS_DIR; };
		C726F1F11D0AB33200C80E47 /* main.m */ = {isa = PBXFileReference; lastKnownFileType = sourcecode.c.objc; path = main.m; sourceTree = "<group>"; };
		C726F1F31D0AB33200C80E47 /* AppDelegate.h */ = {isa = PBXFileReference; lastKnownFileType = sourcecode.c.h; path = AppDelegate.h; sourceTree = "<group>"; };
		C726F1F41D0AB33200C80E47 /* AppDelegate.m */ = {isa = PBXFileReference; lastKnownFileType = sourcecode.c.objc; path = AppDelegate.m; sourceTree = "<group>"; };
		C726F1FC1D0AB33200C80E47 /* Assets.xcassets */ = {isa = PBXFileReference; lastKnownFileType = folder.assetcatalog; path = Assets.xcassets; sourceTree = "<group>"; };
		C726F2011D0AB33200C80E47 /* Info.plist */ = {isa = PBXFileReference; lastKnownFileType = text.plist.xml; path = Info.plist; sourceTree = "<group>"; };
		C726F20C1D0AC37800C80E47 /* TypeViewController.h */ = {isa = PBXFileReference; fileEncoding = 4; lastKnownFileType = sourcecode.c.h; path = TypeViewController.h; sourceTree = "<group>"; };
		C726F20D1D0AC37800C80E47 /* TypeViewController.m */ = {isa = PBXFileReference; fileEncoding = 4; lastKnownFileType = sourcecode.c.objc; path = TypeViewController.m; sourceTree = "<group>"; };
		C726F20E1D0AC37800C80E47 /* TypeViewController.xib */ = {isa = PBXFileReference; fileEncoding = 4; lastKnownFileType = file.xib; path = TypeViewController.xib; sourceTree = "<group>"; };
		C726F2111D0AC3A300C80E47 /* ContentViewController.h */ = {isa = PBXFileReference; fileEncoding = 4; lastKnownFileType = sourcecode.c.h; path = ContentViewController.h; sourceTree = "<group>"; };
		C726F2121D0AC3A300C80E47 /* ContentViewController.m */ = {isa = PBXFileReference; fileEncoding = 4; lastKnownFileType = sourcecode.c.objc; path = ContentViewController.m; sourceTree = "<group>"; };
		C726F2131D0AC3A300C80E47 /* ContentViewController.xib */ = {isa = PBXFileReference; fileEncoding = 4; lastKnownFileType = file.xib; path = ContentViewController.xib; sourceTree = "<group>"; };
		C726F2161D0AC3C600C80E47 /* RecipeViewController.h */ = {isa = PBXFileReference; fileEncoding = 4; lastKnownFileType = sourcecode.c.h; path = RecipeViewController.h; sourceTree = "<group>"; };
		C726F2171D0AC3C600C80E47 /* RecipeViewController.m */ = {isa = PBXFileReference; fileEncoding = 4; lastKnownFileType = sourcecode.c.objc; path = RecipeViewController.m; sourceTree = "<group>"; };
		C726F2181D0AC3C600C80E47 /* RecipeViewController.xib */ = {isa = PBXFileReference; fileEncoding = 4; lastKnownFileType = file.xib; path = RecipeViewController.xib; sourceTree = "<group>"; };
		C77783801D0AD3D5009F3D85 /* Menu.json */ = {isa = PBXFileReference; explicitFileType = text.json; fileEncoding = 4; path = Menu.json; sourceTree = "<group>"; };
		C77783831D0ADFD3009F3D85 /* img_type_1.jpg */ = {isa = PBXFileReference; lastKnownFileType = image.jpeg; path = img_type_1.jpg; sourceTree = "<group>"; };
		C77783841D0ADFD3009F3D85 /* img_type_2.jpg */ = {isa = PBXFileReference; lastKnownFileType = image.jpeg; path = img_type_2.jpg; sourceTree = "<group>"; };
		C77783851D0ADFD3009F3D85 /* img_type_3.jpg */ = {isa = PBXFileReference; lastKnownFileType = image.jpeg; path = img_type_3.jpg; sourceTree = "<group>"; };
		C77783861D0ADFD3009F3D85 /* img_type_4.jpg */ = {isa = PBXFileReference; lastKnownFileType = image.jpeg; path = img_type_4.jpg; sourceTree = "<group>"; };
		C77783871D0ADFD3009F3D85 /* img_type_5.jpg */ = {isa = PBXFileReference; lastKnownFileType = image.jpeg; path = img_type_5.jpg; sourceTree = "<group>"; };
		C777838E1D0AEF92009F3D85 /* AsyncButton.swift */ = {isa = PBXFileReference; fileEncoding = 4; lastKnownFileType = sourcecode.swift; path = AsyncButton.swift; sourceTree = "<group>"; };
		C777838F1D0AEF92009F3D85 /* AsyncImageView.swift */ = {isa = PBXFileReference; fileEncoding = 4; lastKnownFileType = sourcecode.swift; path = AsyncImageView.swift; sourceTree = "<group>"; };
		C77783901D0AEF92009F3D85 /* AutoTextView.swift */ = {isa = PBXFileReference; fileEncoding = 4; lastKnownFileType = sourcecode.swift; path = AutoTextView.swift; sourceTree = "<group>"; };
		C77783911D0AEF92009F3D85 /* BlurView.swift */ = {isa = PBXFileReference; fileEncoding = 4; lastKnownFileType = sourcecode.swift; path = BlurView.swift; sourceTree = "<group>"; };
		C77783921D0AEF92009F3D85 /* DesignableButton.swift */ = {isa = PBXFileReference; fileEncoding = 4; lastKnownFileType = sourcecode.swift; path = DesignableButton.swift; sourceTree = "<group>"; };
		C77783931D0AEF92009F3D85 /* DesignableImageView.swift */ = {isa = PBXFileReference; fileEncoding = 4; lastKnownFileType = sourcecode.swift; path = DesignableImageView.swift; sourceTree = "<group>"; };
		C77783941D0AEF92009F3D85 /* DesignableLabel.swift */ = {isa = PBXFileReference; fileEncoding = 4; lastKnownFileType = sourcecode.swift; path = DesignableLabel.swift; sourceTree = "<group>"; };
		C77783951D0AEF92009F3D85 /* DesignableTabBarController.swift */ = {isa = PBXFileReference; fileEncoding = 4; lastKnownFileType = sourcecode.swift; path = DesignableTabBarController.swift; sourceTree = "<group>"; };
		C77783961D0AEF92009F3D85 /* DesignableTextField.swift */ = {isa = PBXFileReference; fileEncoding = 4; lastKnownFileType = sourcecode.swift; path = DesignableTextField.swift; sourceTree = "<group>"; };
		C77783971D0AEF92009F3D85 /* DesignableTextView.swift */ = {isa = PBXFileReference; fileEncoding = 4; lastKnownFileType = sourcecode.swift; path = DesignableTextView.swift; sourceTree = "<group>"; };
		C77783981D0AEF92009F3D85 /* DesignableView.swift */ = {isa = PBXFileReference; fileEncoding = 4; lastKnownFileType = sourcecode.swift; path = DesignableView.swift; sourceTree = "<group>"; };
		C77783991D0AEF92009F3D85 /* ImageLoader.swift */ = {isa = PBXFileReference; fileEncoding = 4; lastKnownFileType = sourcecode.swift; path = ImageLoader.swift; sourceTree = "<group>"; };
		C777839A1D0AEF92009F3D85 /* Info.plist */ = {isa = PBXFileReference; fileEncoding = 4; lastKnownFileType = text.plist.xml; path = Info.plist; sourceTree = "<group>"; };
		C777839B1D0AEF92009F3D85 /* KeyboardLayoutConstraint.swift */ = {isa = PBXFileReference; fileEncoding = 4; lastKnownFileType = sourcecode.swift; path = KeyboardLayoutConstraint.swift; sourceTree = "<group>"; };
		C777839C1D0AEF92009F3D85 /* LoadingView.swift */ = {isa = PBXFileReference; fileEncoding = 4; lastKnownFileType = sourcecode.swift; path = LoadingView.swift; sourceTree = "<group>"; };
		C777839D1D0AEF92009F3D85 /* LoadingView.xib */ = {isa = PBXFileReference; fileEncoding = 4; lastKnownFileType = file.xib; path = LoadingView.xib; sourceTree = "<group>"; };
		C777839E1D0AEF92009F3D85 /* Misc.swift */ = {isa = PBXFileReference; fileEncoding = 4; lastKnownFileType = sourcecode.swift; path = Misc.swift; sourceTree = "<group>"; };
		C777839F1D0AEF92009F3D85 /* SoundPlayer.swift */ = {isa = PBXFileReference; fileEncoding = 4; lastKnownFileType = sourcecode.swift; path = SoundPlayer.swift; sourceTree = "<group>"; };
		C77783A01D0AEF92009F3D85 /* Spring.h */ = {isa = PBXFileReference; fileEncoding = 4; lastKnownFileType = sourcecode.c.h; path = Spring.h; sourceTree = "<group>"; };
		C77783A11D0AEF92009F3D85 /* Spring.swift */ = {isa = PBXFileReference; fileEncoding = 4; lastKnownFileType = sourcecode.swift; path = Spring.swift; sourceTree = "<group>"; };
		C77783A21D0AEF92009F3D85 /* SpringAnimation.swift */ = {isa = PBXFileReference; fileEncoding = 4; lastKnownFileType = sourcecode.swift; path = SpringAnimation.swift; sourceTree = "<group>"; };
		C77783A31D0AEF92009F3D85 /* SpringButton.swift */ = {isa = PBXFileReference; fileEncoding = 4; lastKnownFileType = sourcecode.swift; path = SpringButton.swift; sourceTree = "<group>"; };
		C77783A41D0AEF92009F3D85 /* SpringImageView.swift */ = {isa = PBXFileReference; fileEncoding = 4; lastKnownFileType = sourcecode.swift; path = SpringImageView.swift; sourceTree = "<group>"; };
		C77783A51D0AEF92009F3D85 /* SpringLabel.swift */ = {isa = PBXFileReference; fileEncoding = 4; lastKnownFileType = sourcecode.swift; path = SpringLabel.swift; sourceTree = "<group>"; };
		C77783A61D0AEF92009F3D85 /* SpringTextField.swift */ = {isa = PBXFileReference; fileEncoding = 4; lastKnownFileType = sourcecode.swift; path = SpringTextField.swift; sourceTree = "<group>"; };
		C77783A71D0AEF92009F3D85 /* SpringTextView.swift */ = {isa = PBXFileReference; fileEncoding = 4; lastKnownFileType = sourcecode.swift; path = SpringTextView.swift; sourceTree = "<group>"; };
		C77783A81D0AEF92009F3D85 /* SpringView.swift */ = {isa = PBXFileReference; fileEncoding = 4; lastKnownFileType = sourcecode.swift; path = SpringView.swift; sourceTree = "<group>"; };
		C77783A91D0AEF92009F3D85 /* TransitionManager.swift */ = {isa = PBXFileReference; fileEncoding = 4; lastKnownFileType = sourcecode.swift; path = TransitionManager.swift; sourceTree = "<group>"; };
		C77783AA1D0AEF92009F3D85 /* TransitionZoom.swift */ = {isa = PBXFileReference; fileEncoding = 4; lastKnownFileType = sourcecode.swift; path = TransitionZoom.swift; sourceTree = "<group>"; };
		C77783AB1D0AEF92009F3D85 /* UnwindSegue.swift */ = {isa = PBXFileReference; fileEncoding = 4; lastKnownFileType = sourcecode.swift; path = UnwindSegue.swift; sourceTree = "<group>"; };
		C77783C91D0AF8F6009F3D85 /* CustomTimer.h */ = {isa = PBXFileReference; fileEncoding = 4; lastKnownFileType = sourcecode.c.h; path = CustomTimer.h; sourceTree = "<group>"; };
		C77783CA1D0AF8F6009F3D85 /* CustomTimer.m */ = {isa = PBXFileReference; fileEncoding = 4; lastKnownFileType = sourcecode.c.objc; path = CustomTimer.m; sourceTree = "<group>"; };
		C77783CC1D0B0790009F3D85 /* img_natalia.png */ = {isa = PBXFileReference; lastKnownFileType = image.png; path = img_natalia.png; sourceTree = "<group>"; };
		C77783CE1D0B145D009F3D85 /* RecipeTableViewCell.h */ = {isa = PBXFileReference; fileEncoding = 4; lastKnownFileType = sourcecode.c.h; path = RecipeTableViewCell.h; sourceTree = "<group>"; };
		C77783CF1D0B145D009F3D85 /* RecipeTableViewCell.m */ = {isa = PBXFileReference; fileEncoding = 4; lastKnownFileType = sourcecode.c.objc; path = RecipeTableViewCell.m; sourceTree = "<group>"; };
		C77783D01D0B145D009F3D85 /* RecipeTableViewCell.xib */ = {isa = PBXFileReference; fileEncoding = 4; lastKnownFileType = file.xib; path = RecipeTableViewCell.xib; sourceTree = "<group>"; };
/* End PBXFileReference section */

/* Begin PBXFrameworksBuildPhase section */
		C726F1EA1D0AB33200C80E47 /* Frameworks */ = {
			isa = PBXFrameworksBuildPhase;
			buildActionMask = 2147483647;
			files = (
			);
			runOnlyForDeploymentPostprocessing = 0;
		};
/* End PBXFrameworksBuildPhase section */

/* Begin PBXGroup section */
		C726F1E41D0AB33200C80E47 = {
			isa = PBXGroup;
			children = (
				C726F1EF1D0AB33200C80E47 /* Cookbook */,
				C726F1EE1D0AB33200C80E47 /* Products */,
			);
			sourceTree = "<group>";
		};
		C726F1EE1D0AB33200C80E47 /* Products */ = {
			isa = PBXGroup;
			children = (
				C726F1ED1D0AB33200C80E47 /* Cookbook.app */,
			);
			name = Products;
			sourceTree = "<group>";
		};
		C726F1EF1D0AB33200C80E47 /* Cookbook */ = {
			isa = PBXGroup;
			children = (
				C726F1F31D0AB33200C80E47 /* AppDelegate.h */,
				C726F1F41D0AB33200C80E47 /* AppDelegate.m */,
				C726F1FC1D0AB33200C80E47 /* Assets.xcassets */,
				C726F2071D0AB95200C80E47 /* Data Classes */,
				C726F2011D0AB33200C80E47 /* Info.plist */,
				C726F2081D0AB95200C80E47 /* Resources */,
				C726F1F01D0AB33200C80E47 /* Supporting Files */,
				C726F2091D0AB95200C80E47 /* Utility */,
				C726F20A1D0AB95200C80E47 /* View Controllers */,
				C726F20B1D0AB95200C80E47 /* Views */,
			);
			path = Cookbook;
			sourceTree = "<group>";
		};
		C726F1F01D0AB33200C80E47 /* Supporting Files */ = {
			isa = PBXGroup;
			children = (
				C726F1F11D0AB33200C80E47 /* main.m */,
			);
			name = "Supporting Files";
			sourceTree = "<group>";
		};
		C726F2071D0AB95200C80E47 /* Data Classes */ = {
			isa = PBXGroup;
			children = (
			);
			path = "Data Classes";
			sourceTree = "<group>";
		};
		C726F2081D0AB95200C80E47 /* Resources */ = {
			isa = PBXGroup;
			children = (
				C77783821D0ADE90009F3D85 /* Images */,
				C77783801D0AD3D5009F3D85 /* Menu.json */,
			);
			path = Resources;
			sourceTree = "<group>";
		};
		C726F2091D0AB95200C80E47 /* Utility */ = {
			isa = PBXGroup;
			children = (
				C777838D1D0AEF92009F3D85 /* Spring */,
				C77783C91D0AF8F6009F3D85 /* CustomTimer.h */,
				C77783CA1D0AF8F6009F3D85 /* CustomTimer.m */,
			);
			path = Utility;
			sourceTree = "<group>";
		};
		C726F20A1D0AB95200C80E47 /* View Controllers */ = {
			isa = PBXGroup;
			children = (
				C726F20C1D0AC37800C80E47 /* TypeViewController.h */,
				C726F20D1D0AC37800C80E47 /* TypeViewController.m */,
				C726F20E1D0AC37800C80E47 /* TypeViewController.xib */,
				C726F2111D0AC3A300C80E47 /* ContentViewController.h */,
				C726F2121D0AC3A300C80E47 /* ContentViewController.m */,
				C726F2131D0AC3A300C80E47 /* ContentViewController.xib */,
				C726F2161D0AC3C600C80E47 /* RecipeViewController.h */,
				C726F2171D0AC3C600C80E47 /* RecipeViewController.m */,
				C726F2181D0AC3C600C80E47 /* RecipeViewController.xib */,
			);
			path = "View Controllers";
			sourceTree = "<group>";
		};
		C726F20B1D0AB95200C80E47 /* Views */ = {
			isa = PBXGroup;
			children = (
				C77783CE1D0B145D009F3D85 /* RecipeTableViewCell.h */,
				C77783CF1D0B145D009F3D85 /* RecipeTableViewCell.m */,
				C77783D01D0B145D009F3D85 /* RecipeTableViewCell.xib */,
			);
			path = Views;
			sourceTree = "<group>";
		};
		C77783821D0ADE90009F3D85 /* Images */ = {
			isa = PBXGroup;
			children = (
				C77783CC1D0B0790009F3D85 /* img_natalia.png */,
				C77783831D0ADFD3009F3D85 /* img_type_1.jpg */,
				C77783841D0ADFD3009F3D85 /* img_type_2.jpg */,
				C77783851D0ADFD3009F3D85 /* img_type_3.jpg */,
				C77783861D0ADFD3009F3D85 /* img_type_4.jpg */,
				C77783871D0ADFD3009F3D85 /* img_type_5.jpg */,
			);
			path = Images;
			sourceTree = "<group>";
		};
		C777838D1D0AEF92009F3D85 /* Spring */ = {
			isa = PBXGroup;
			children = (
				C777838E1D0AEF92009F3D85 /* AsyncButton.swift */,
				C777838F1D0AEF92009F3D85 /* AsyncImageView.swift */,
				C77783901D0AEF92009F3D85 /* AutoTextView.swift */,
				C77783911D0AEF92009F3D85 /* BlurView.swift */,
				C77783921D0AEF92009F3D85 /* DesignableButton.swift */,
				C77783931D0AEF92009F3D85 /* DesignableImageView.swift */,
				C77783941D0AEF92009F3D85 /* DesignableLabel.swift */,
				C77783951D0AEF92009F3D85 /* DesignableTabBarController.swift */,
				C77783961D0AEF92009F3D85 /* DesignableTextField.swift */,
				C77783971D0AEF92009F3D85 /* DesignableTextView.swift */,
				C77783981D0AEF92009F3D85 /* DesignableView.swift */,
				C77783991D0AEF92009F3D85 /* ImageLoader.swift */,
				C777839A1D0AEF92009F3D85 /* Info.plist */,
				C777839B1D0AEF92009F3D85 /* KeyboardLayoutConstraint.swift */,
				C777839C1D0AEF92009F3D85 /* LoadingView.swift */,
				C777839D1D0AEF92009F3D85 /* LoadingView.xib */,
				C777839E1D0AEF92009F3D85 /* Misc.swift */,
				C777839F1D0AEF92009F3D85 /* SoundPlayer.swift */,
				C77783A01D0AEF92009F3D85 /* Spring.h */,
				C77783A11D0AEF92009F3D85 /* Spring.swift */,
				C77783A21D0AEF92009F3D85 /* SpringAnimation.swift */,
				C77783A31D0AEF92009F3D85 /* SpringButton.swift */,
				C77783A41D0AEF92009F3D85 /* SpringImageView.swift */,
				C77783A51D0AEF92009F3D85 /* SpringLabel.swift */,
				C77783A61D0AEF92009F3D85 /* SpringTextField.swift */,
				C77783A71D0AEF92009F3D85 /* SpringTextView.swift */,
				C77783A81D0AEF92009F3D85 /* SpringView.swift */,
				C77783A91D0AEF92009F3D85 /* TransitionManager.swift */,
				C77783AA1D0AEF92009F3D85 /* TransitionZoom.swift */,
				C77783AB1D0AEF92009F3D85 /* UnwindSegue.swift */,
			);
			path = Spring;
			sourceTree = "<group>";
		};
/* End PBXGroup section */

/* Begin PBXNativeTarget section */
		C726F1EC1D0AB33200C80E47 /* Cookbook */ = {
			isa = PBXNativeTarget;
			buildConfigurationList = C726F2041D0AB33200C80E47 /* Build configuration list for PBXNativeTarget "Cookbook" */;
			buildPhases = (
				C726F1E91D0AB33200C80E47 /* Sources */,
				C726F1EA1D0AB33200C80E47 /* Frameworks */,
				C726F1EB1D0AB33200C80E47 /* Resources */,
			);
			buildRules = (
			);
			dependencies = (
			);
			name = Cookbook;
			productName = Cookbook;
			productReference = C726F1ED1D0AB33200C80E47 /* Cookbook.app */;
			productType = "com.apple.product-type.application";
		};
/* End PBXNativeTarget section */

/* Begin PBXProject section */
		C726F1E51D0AB33200C80E47 /* Project object */ = {
			isa = PBXProject;
			attributes = {
				LastUpgradeCheck = 0730;
				ORGANIZATIONNAME = com.NataliaZubareva.Cookbook;
				TargetAttributes = {
					C726F1EC1D0AB33200C80E47 = {
						CreatedOnToolsVersion = 7.3.1;
						DevelopmentTeam = T2J773RMHH;
					};
				};
			};
			buildConfigurationList = C726F1E81D0AB33200C80E47 /* Build configuration list for PBXProject "Cookbook" */;
			compatibilityVersion = "Xcode 3.2";
			developmentRegion = English;
			hasScannedForEncodings = 0;
			knownRegions = (
				en,
				Base,
			);
			mainGroup = C726F1E41D0AB33200C80E47;
			productRefGroup = C726F1EE1D0AB33200C80E47 /* Products */;
			projectDirPath = "";
			projectRoot = "";
			targets = (
				C726F1EC1D0AB33200C80E47 /* Cookbook */,
			);
		};
/* End PBXProject section */

/* Begin PBXResourcesBuildPhase section */
		C726F1EB1D0AB33200C80E47 /* Resources */ = {
			isa = PBXResourcesBuildPhase;
			buildActionMask = 2147483647;
			files = (
				C726F21A1D0AC3C600C80E47 /* RecipeViewController.xib in Resources */,
				C726F2101D0AC37800C80E47 /* TypeViewController.xib in Resources */,
				C726F1FD1D0AB33200C80E47 /* Assets.xcassets in Resources */,
				C777838C1D0ADFD3009F3D85 /* img_type_5.jpg in Resources */,
				C726F2151D0AC3A300C80E47 /* ContentViewController.xib in Resources */,
				C77783811D0AD3D5009F3D85 /* Menu.json in Resources */,
				C77783CD1D0B0790009F3D85 /* img_natalia.png in Resources */,
				C77783D21D0B145D009F3D85 /* RecipeTableViewCell.xib in Resources */,
				C777838B1D0ADFD3009F3D85 /* img_type_4.jpg in Resources */,
				C777838A1D0ADFD3009F3D85 /* img_type_3.jpg in Resources */,
				C77783B81D0AEF92009F3D85 /* Info.plist in Resources */,
				C77783BB1D0AEF92009F3D85 /* LoadingView.xib in Resources */,
				C77783891D0ADFD3009F3D85 /* img_type_2.jpg in Resources */,
				C77783881D0ADFD3009F3D85 /* img_type_1.jpg in Resources */,
			);
			runOnlyForDeploymentPostprocessing = 0;
		};
/* End PBXResourcesBuildPhase section */

/* Begin PBXSourcesBuildPhase section */
		C726F1E91D0AB33200C80E47 /* Sources */ = {
			isa = PBXSourcesBuildPhase;
			buildActionMask = 2147483647;
			files = (
				C726F2141D0AC3A300C80E47 /* ContentViewController.m in Sources */,
				C77783BD1D0AEF92009F3D85 /* SoundPlayer.swift in Sources */,
				C77783B11D0AEF92009F3D85 /* DesignableImageView.swift in Sources */,
				C77783C31D0AEF92009F3D85 /* SpringTextField.swift in Sources */,
				C726F1F51D0AB33200C80E47 /* AppDelegate.m in Sources */,
				C77783CB1D0AF8F6009F3D85 /* CustomTimer.m in Sources */,
				C77783B41D0AEF92009F3D85 /* DesignableTextField.swift in Sources */,
				C77783C61D0AEF92009F3D85 /* TransitionManager.swift in Sources */,
				C77783BF1D0AEF92009F3D85 /* SpringAnimation.swift in Sources */,
				C77783AC1D0AEF92009F3D85 /* AsyncButton.swift in Sources */,
				C77783B91D0AEF92009F3D85 /* KeyboardLayoutConstraint.swift in Sources */,
				C77783B01D0AEF92009F3D85 /* DesignableButton.swift in Sources */,
				C726F20F1D0AC37800C80E47 /* TypeViewController.m in Sources */,
				C726F1F21D0AB33200C80E47 /* main.m in Sources */,
				C77783B61D0AEF92009F3D85 /* DesignableView.swift in Sources */,
				C77783C71D0AEF92009F3D85 /* TransitionZoom.swift in Sources */,
				C77783AF1D0AEF92009F3D85 /* BlurView.swift in Sources */,
				C726F2191D0AC3C600C80E47 /* RecipeViewController.m in Sources */,
				C77783B71D0AEF92009F3D85 /* ImageLoader.swift in Sources */,
				C77783C51D0AEF92009F3D85 /* SpringView.swift in Sources */,
				C77783C21D0AEF92009F3D85 /* SpringLabel.swift in Sources */,
				C77783BC1D0AEF92009F3D85 /* Misc.swift in Sources */,
				C77783B31D0AEF92009F3D85 /* DesignableTabBarController.swift in Sources */,
				C77783AE1D0AEF92009F3D85 /* AutoTextView.swift in Sources */,
				C77783B51D0AEF92009F3D85 /* DesignableTextView.swift in Sources */,
				C77783D11D0B145D009F3D85 /* RecipeTableViewCell.m in Sources */,
				C77783BE1D0AEF92009F3D85 /* Spring.swift in Sources */,
				C77783C01D0AEF92009F3D85 /* SpringButton.swift in Sources */,
				C77783C81D0AEF92009F3D85 /* UnwindSegue.swift in Sources */,
				C77783B21D0AEF92009F3D85 /* DesignableLabel.swift in Sources */,
				C77783C11D0AEF92009F3D85 /* SpringImageView.swift in Sources */,
				C77783BA1D0AEF92009F3D85 /* LoadingView.swift in Sources */,
				C77783C41D0AEF92009F3D85 /* SpringTextView.swift in Sources */,
				C77783AD1D0AEF92009F3D85 /* AsyncImageView.swift in Sources */,
			);
			runOnlyForDeploymentPostprocessing = 0;
		};
/* End PBXSourcesBuildPhase section */

/* Begin XCBuildConfiguration section */
		C726F2021D0AB33200C80E47 /* Debug */ = {
			isa = XCBuildConfiguration;
			buildSettings = {
				ALWAYS_SEARCH_USER_PATHS = NO;
				CLANG_ANALYZER_NONNULL = YES;
				CLANG_CXX_LANGUAGE_STANDARD = "gnu++0x";
				CLANG_CXX_LIBRARY = "libc++";
				CLANG_ENABLE_MODULES = YES;
				CLANG_ENABLE_OBJC_ARC = YES;
				CLANG_WARN_BOOL_CONVERSION = YES;
				CLANG_WARN_CONSTANT_CONVERSION = YES;
				CLANG_WARN_DIRECT_OBJC_ISA_USAGE = YES_ERROR;
				CLANG_WARN_EMPTY_BODY = YES;
				CLANG_WARN_ENUM_CONVERSION = YES;
				CLANG_WARN_INT_CONVERSION = YES;
				CLANG_WARN_OBJC_ROOT_CLASS = YES_ERROR;
				CLANG_WARN_UNREACHABLE_CODE = YES;
				CLANG_WARN__DUPLICATE_METHOD_MATCH = YES;
				"CODE_SIGN_IDENTITY[sdk=iphoneos*]" = "iPhone Developer";
				COPY_PHASE_STRIP = NO;
				DEBUG_INFORMATION_FORMAT = dwarf;
				ENABLE_STRICT_OBJC_MSGSEND = YES;
				ENABLE_TESTABILITY = YES;
				GCC_C_LANGUAGE_STANDARD = gnu99;
				GCC_DYNAMIC_NO_PIC = NO;
				GCC_NO_COMMON_BLOCKS = YES;
				GCC_OPTIMIZATION_LEVEL = 0;
				GCC_PREPROCESSOR_DEFINITIONS = (
					"DEBUG=1",
					"$(inherited)",
				);
				GCC_WARN_64_TO_32_BIT_CONVERSION = YES;
				GCC_WARN_ABOUT_RETURN_TYPE = YES_ERROR;
				GCC_WARN_UNDECLARED_SELECTOR = YES;
				GCC_WARN_UNINITIALIZED_AUTOS = YES_AGGRESSIVE;
				GCC_WARN_UNUSED_FUNCTION = YES;
				GCC_WARN_UNUSED_VARIABLE = YES;
				IPHONEOS_DEPLOYMENT_TARGET = 9.3;
				MTL_ENABLE_DEBUG_INFO = YES;
				ONLY_ACTIVE_ARCH = YES;
				SDKROOT = iphoneos;
			};
			name = Debug;
		};
		C726F2031D0AB33200C80E47 /* Release */ = {
			isa = XCBuildConfiguration;
			buildSettings = {
				ALWAYS_SEARCH_USER_PATHS = NO;
				CLANG_ANALYZER_NONNULL = YES;
				CLANG_CXX_LANGUAGE_STANDARD = "gnu++0x";
				CLANG_CXX_LIBRARY = "libc++";
				CLANG_ENABLE_MODULES = YES;
				CLANG_ENABLE_OBJC_ARC = YES;
				CLANG_WARN_BOOL_CONVERSION = YES;
				CLANG_WARN_CONSTANT_CONVERSION = YES;
				CLANG_WARN_DIRECT_OBJC_ISA_USAGE = YES_ERROR;
				CLANG_WARN_EMPTY_BODY = YES;
				CLANG_WARN_ENUM_CONVERSION = YES;
				CLANG_WARN_INT_CONVERSION = YES;
				CLANG_WARN_OBJC_ROOT_CLASS = YES_ERROR;
				CLANG_WARN_UNREACHABLE_CODE = YES;
				CLANG_WARN__DUPLICATE_METHOD_MATCH = YES;
				"CODE_SIGN_IDENTITY[sdk=iphoneos*]" = "iPhone Developer";
				COPY_PHASE_STRIP = NO;
				DEBUG_INFORMATION_FORMAT = "dwarf-with-dsym";
				ENABLE_NS_ASSERTIONS = NO;
				ENABLE_STRICT_OBJC_MSGSEND = YES;
				GCC_C_LANGUAGE_STANDARD = gnu99;
				GCC_NO_COMMON_BLOCKS = YES;
				GCC_WARN_64_TO_32_BIT_CONVERSION = YES;
				GCC_WARN_ABOUT_RETURN_TYPE = YES_ERROR;
				GCC_WARN_UNDECLARED_SELECTOR = YES;
				GCC_WARN_UNINITIALIZED_AUTOS = YES_AGGRESSIVE;
				GCC_WARN_UNUSED_FUNCTION = YES;
				GCC_WARN_UNUSED_VARIABLE = YES;
				IPHONEOS_DEPLOYMENT_TARGET = 9.3;
				MTL_ENABLE_DEBUG_INFO = NO;
				SDKROOT = iphoneos;
				VALIDATE_PRODUCT = YES;
			};
			name = Release;
		};
		C726F2051D0AB33200C80E47 /* Debug */ = {
			isa = XCBuildConfiguration;
			buildSettings = {
				ASSETCATALOG_COMPILER_APPICON_NAME = AppIcon;
				ASSETCATALOG_COMPILER_LAUNCHIMAGE_NAME = LaunchImage;
				CODE_SIGN_IDENTITY = "iPhone Developer";
				INFOPLIST_FILE = Cookbook/Info.plist;
				IPHONEOS_DEPLOYMENT_TARGET = 9.3;
				LD_RUNPATH_SEARCH_PATHS = "$(inherited) @executable_path/Frameworks";
				PRODUCT_BUNDLE_IDENTIFIER = com.NataliaZubareva.Cookbook;
				PRODUCT_NAME = "$(TARGET_NAME)";
				TARGETED_DEVICE_FAMILY = "1,2";
			};
			name = Debug;
		};
		C726F2061D0AB33200C80E47 /* Release */ = {
			isa = XCBuildConfiguration;
			buildSettings = {
				ASSETCATALOG_COMPILER_APPICON_NAME = AppIcon;
				ASSETCATALOG_COMPILER_LAUNCHIMAGE_NAME = LaunchImage;
				CODE_SIGN_IDENTITY = "iPhone Developer";
				INFOPLIST_FILE = Cookbook/Info.plist;
				IPHONEOS_DEPLOYMENT_TARGET = 9.3;
				LD_RUNPATH_SEARCH_PATHS = "$(inherited) @executable_path/Frameworks";
				PRODUCT_BUNDLE_IDENTIFIER = com.NataliaZubareva.Cookbook;
				PRODUCT_NAME = "$(TARGET_NAME)";
				TARGETED_DEVICE_FAMILY = "1,2";
			};
			name = Release;
		};
/* End XCBuildConfiguration section */

/* Begin XCConfigurationList section */
		C726F1E81D0AB33200C80E47 /* Build configuration list for PBXProject "Cookbook" */ = {
			isa = XCConfigurationList;
			buildConfigurations = (
				C726F2021D0AB33200C80E47 /* Debug */,
				C726F2031D0AB33200C80E47 /* Release */,
			);
			defaultConfigurationIsVisible = 0;
			defaultConfigurationName = Release;
		};
		C726F2041D0AB33200C80E47 /* Build configuration list for PBXNativeTarget "Cookbook" */ = {
			isa = XCConfigurationList;
			buildConfigurations = (
				C726F2051D0AB33200C80E47 /* Debug */,
				C726F2061D0AB33200C80E47 /* Release */,
			);
			defaultConfigurationIsVisible = 0;
			defaultConfigurationName = Release;
		};
/* End XCConfigurationList section */
	};
	rootObject = C726F1E51D0AB33200C80E47 /* Project object */;
}
